
Microsoft Visual Studio Solution File, Format Version 12.00
# Visual Studio Version 17
VisualStudioVersion = 17.6.33723.286
MinimumVisualStudioVersion = 10.0.40219.1
Project("{9A19103F-16F7-4668-BE54-9A1E7A4F7556}") = "Testimine", "TestimineVol1\Testimine.csproj", "{88DBBD35-B07E-4770-A1E4-65D6D5980BA2}"
EndProject
Global
	GlobalSection(SolutionConfigurationPlatforms) = preSolution
		Debug|Any CPU = Debug|Any CPU
		Release|Any CPU = Release|Any CPU
	EndGlobalSection
	GlobalSection(ProjectConfigurationPlatforms) = postSolution
		{88DBBD35-B07E-4770-A1E4-65D6D5980BA2}.Debug|Any CPU.ActiveCfg = Debug|Any CPU
		{88DBBD35-B07E-4770-A1E4-65D6D5980BA2}.Debug|Any CPU.Build.0 = Debug|Any CPU
		{88DBBD35-B07E-4770-A1E4-65D6D5980BA2}.Release|Any CPU.ActiveCfg = Release|Any CPU
		{88DBBD35-B07E-4770-A1E4-65D6D5980BA2}.Release|Any CPU.Build.0 = Release|Any CPU
	EndGlobalSection
	GlobalSection(SolutionProperties) = preSolution
		HideSolutionNode = FALSE
	EndGlobalSection
	GlobalSection(ExtensibilityGlobals) = postSolution
		SolutionGuid = {4997E907-5B6C-48CE-886D-F77F36F13211}
	EndGlobalSection
EndGlobal
